
Microsoft Visual Studio Solution File, Format Version 12.00
# Visual Studio 2015
Project("{FAE04EC0-301F-11D3-BF4B-00C04F79EFBC}") = "spaceshooter.CSharp.Plugins", "spaceshooter.CSharp.Plugins.csproj", "{AEA056DF-0303-E5BB-4342-DFA096740B0D}"
EndProject
Project("{FAE04EC0-301F-11D3-BF4B-00C04F79EFBC}") = "spaceshooter.CSharp", "spaceshooter.CSharp.csproj", "{2E40485D-8BAF-F7AB-14F5-01FB4F3A28E2}"
EndProject
Project("{FAE04EC0-301F-11D3-BF4B-00C04F79EFBC}") = "spaceshooter.CSharp.Editor", "spaceshooter.CSharp.Editor.csproj", "{56725197-0B49-3165-A824-945F3205757C}"
EndProject
Global
	GlobalSection(SolutionConfigurationPlatforms) = preSolution
		Debug|Any CPU = Debug|Any CPU
		Release|Any CPU = Release|Any CPU
	EndGlobalSection
	GlobalSection(ProjectConfigurationPlatforms) = postSolution
		{AEA056DF-0303-E5BB-4342-DFA096740B0D}.Debug|Any CPU.ActiveCfg = Debug|Any CPU
		{AEA056DF-0303-E5BB-4342-DFA096740B0D}.Debug|Any CPU.Build.0 = Debug|Any CPU
		{AEA056DF-0303-E5BB-4342-DFA096740B0D}.Release|Any CPU.ActiveCfg = Release|Any CPU
		{AEA056DF-0303-E5BB-4342-DFA096740B0D}.Release|Any CPU.Build.0 = Release|Any CPU
		{2E40485D-8BAF-F7AB-14F5-01FB4F3A28E2}.Debug|Any CPU.ActiveCfg = Debug|Any CPU
		{2E40485D-8BAF-F7AB-14F5-01FB4F3A28E2}.Debug|Any CPU.Build.0 = Debug|Any CPU
		{2E40485D-8BAF-F7AB-14F5-01FB4F3A28E2}.Release|Any CPU.ActiveCfg = Release|Any CPU
		{2E40485D-8BAF-F7AB-14F5-01FB4F3A28E2}.Release|Any CPU.Build.0 = Release|Any CPU
		{56725197-0B49-3165-A824-945F3205757C}.Debug|Any CPU.ActiveCfg = Debug|Any CPU
		{56725197-0B49-3165-A824-945F3205757C}.Debug|Any CPU.Build.0 = Debug|Any CPU
		{56725197-0B49-3165-A824-945F3205757C}.Release|Any CPU.ActiveCfg = Release|Any CPU
		{56725197-0B49-3165-A824-945F3205757C}.Release|Any CPU.Build.0 = Release|Any CPU
	EndGlobalSection
	GlobalSection(SolutionProperties) = preSolution
		HideSolutionNode = FALSE
	EndGlobalSection
EndGlobal
